{
  "name": "agentic-alert-triage",
  "version": "1.0.0",
  "lockfileVersion": 3,
  "requires": true,
  "packages": {
    "": {
      "name": "agentic-alert-triage",
      "version": "1.0.0",
      "license": "MIT",
      "dependencies": {
        "@octokit/rest": "^22.0.1",
        "js-yaml": "^4.1.1",
        "probot": "14.3.2"
      },
      "engines": {
        "node": ">=22"
      }
    },
    "node_modules/@octokit/auth-app": {
      "version": "8.3.1",
      "resolved": "https://ms-feed-25.pkgs.visualstudio.com/1es-public/_packaging/npm-public/npm/registry/@octokit/auth-app/-/auth-app-8.3.1.tgz",
      "integrity": "sha1-wLrEFnCRi+VDC2bdRw/0h24H1MY=",
      "license": "MIT",
      "dependencies": {
        "@octokit/auth-oauth-app": "^9.0.5",
        "@octokit/auth-oauth-user": "^6.0.4",
        "@octokit/request": "^10.0.16",
        "@octokit/request-error": "^7.1.2",
        "@octokit/types": "^18.0.0",
        "toad-cache": "^3.7.0",
        "universal-github-app-jwt": "^2.2.0",
        "universal-user-agent": "^7.0.0"
      },
      "engines": {
        "node": ">= 20"
      }
    },
    "node_modules/@octokit/auth-app/node_modules/@octokit/openapi-types": {
      "version": "29.0.1",
      "resolved": "https://ms-feed-25.pkgs.visualstudio.com/1es-public/_packaging/npm-public/npm/registry/@octokit/openapi-types/-/openapi-types-29.0.1.tgz",
      "integrity": "sha1-BYlcyK4ygFjnr3W2CMTJfwvBvAA=",
      "license": "MIT"
    },
    "node_modules/@octokit/auth-app/node_modules/@octokit/types": {
      "version": "18.0.0",
      "resolved": "https://ms-feed-25.pkgs.visualstudio.com/1es-public/_packaging/npm-public/npm/registry/@octokit/types/-/types-18.0.0.tgz",
      "integrity": "sha1-dj7uuvtIjY6oqDIur7LZsYhdKEQ=",
      "license": "MIT",
      "dependencies": {
        "@octokit/openapi-types": "^29.0.1"
      }
    },
    "node_modules/@octokit/auth-oauth-app": {
      "version": "9.0.5",
      "resolved": "https://ms-feed-25.pkgs.visualstudio.com/1es-public/_packaging/npm-public/npm/registry/@octokit/auth-oauth-app/-/auth-oauth-app-9.0.5.tgz",
      "integrity": "sha1-Q+Hyn9/eOxO2hoLo0DP1TV+y2Ic=",
      "license": "MIT",
      "dependencies": {
        "@octokit/auth-oauth-device": "^8.0.5",
        "@octokit/auth-oauth-user": "^6.0.4",
        "@octokit/request": "^10.0.16",
        "@octokit/types": "^18.0.0",
        "universal-user-agent": "^7.0.0"
      },
      "engines": {
        "node": ">= 20"
      }
    },
    "node_modules/@octokit/auth-oauth-app/node_modules/@octokit/openapi-types": {
      "version": "29.0.1",
      "resolved": "https://ms-feed-25.pkgs.visualstudio.com/1es-public/_packaging/npm-public/npm/registry/@octokit/openapi-types/-/openapi-types-29.0.1.tgz",
      "integrity": "sha1-BYlcyK4ygFjnr3W2CMTJfwvBvAA=",
      "license": "MIT"
    },
    "node_modules/@octokit/auth-oauth-app/node_modules/@octokit/types": {
      "version": "18.0.0",
      "resolved": "https://ms-feed-25.pkgs.visualstudio.com/1es-public/_packaging/npm-public/npm/registry/@octokit/types/-/types-18.0.0.tgz",
      "integrity": "sha1-dj7uuvtIjY6oqDIur7LZsYhdKEQ=",
      "license": "MIT",
      "dependencies": {
        "@octokit/openapi-types": "^29.0.1"
      }
    },
    "node_modules/@octokit/auth-oauth-device": {
      "version": "8.0.5",
      "resolved": "https://ms-feed-25.pkgs.visualstudio.com/1es-public/_packaging/npm-public/npm/registry/@octokit/auth-oauth-device/-/auth-oauth-device-8.0.5.tgz",
      "integrity": "sha1-qA382/S987719Rd+4c1SK02CXH0=",
      "license": "MIT",
      "dependencies": {
        "@octokit/oauth-methods": "^6.0.5",
        "@octokit/request": "^10.0.16",
        "@octokit/types": "^18.0.0",
        "universal-user-agent": "^7.0.0"
      },
      "engines": {
        "node": ">= 20"
      }
    },
    "node_modules/@octokit/auth-oauth-device/node_modules/@octokit/openapi-types": {
      "version": "29.0.1",
      "resolved": "https://ms-feed-25.pkgs.visualstudio.com/1es-public/_packaging/npm-public/npm/registry/@octokit/openapi-types/-/openapi-types-29.0.1.tgz",
      "integrity": "sha1-BYlcyK4ygFjnr3W2CMTJfwvBvAA=",
      "license": "MIT"
    },
    "node_modules/@octokit/auth-oauth-device/node_modules/@octokit/types": {
      "version": "18.0.0",
      "resolved": "https://ms-feed-25.pkgs.visualstudio.com/1es-public/_packaging/npm-public/npm/registry/@octokit/types/-/types-18.0.0.tgz",
      "integrity": "sha1-dj7uuvtIjY6oqDIur7LZsYhdKEQ=",
      "license": "MIT",
      "dependencies": {
        "@octokit/openapi-types": "^29.0.1"
      }
    },
    "node_modules/@octokit/auth-oauth-user": {
      "version": "6.0.4",
      "resolved": "https://ms-feed-25.pkgs.visualstudio.com/1es-public/_packaging/npm-public/npm/registry/@octokit/auth-oauth-user/-/auth-oauth-user-6.0.4.tgz",
      "integrity": "sha1-zXH7cpAa48cDyKdsawt81lD4/Ws=",
      "license": "MIT",
      "dependencies": {
        "@octokit/auth-oauth-device": "^8.0.5",
        "@octokit/oauth-methods": "^6.0.5",
        "@octokit/request": "^10.0.16",
        "@octokit/types": "^18.0.0",
        "universal-user-agent": "^7.0.0"
      },
      "engines": {
        "node": ">= 20"
      }
    },
    "node_modules/@octokit/auth-oauth-user/node_modules/@octokit/openapi-types": {
      "version": "29.0.1",
      "resolved": "https://ms-feed-25.pkgs.visualstudio.com/1es-public/_packaging/npm-public/npm/registry/@octokit/openapi-types/-/openapi-types-29.0.1.tgz",
      "integrity": "sha1-BYlcyK4ygFjnr3W2CMTJfwvBvAA=",
      "license": "MIT"
    },
    "node_modules/@octokit/auth-oauth-user/node_modules/@octokit/types": {
      "version": "18.0.0",
      "resolved": "https://ms-feed-25.pkgs.visualstudio.com/1es-public/_packaging/npm-public/npm/registry/@octokit/types/-/types-18.0.0.tgz",
      "integrity": "sha1-dj7uuvtIjY6oqDIur7LZsYhdKEQ=",
      "license": "MIT",
      "dependencies": {
        "@octokit/openapi-types": "^29.0.1"
      }
    },
    "node_modules/@octokit/auth-token": {
      "version": "6.0.0",
      "resolved": "https://registry.npmjs.org/@octokit/auth-token/-/auth-token-6.0.0.tgz",
      "integrity": "sha512-P4YJBPdPSpWTQ1NU4XYdvHvXJJDxM6YwpS0FZHRgP7YFkdVxsWcpWGy/NVqlAA7PcPCnMacXlRm1y2PFZRWL/w==",
      "license": "MIT",
      "engines": {
        "node": ">= 20"
      }
    },
    "node_modules/@octokit/auth-unauthenticated": {
      "version": "7.0.5",
      "resolved": "https://ms-feed-25.pkgs.visualstudio.com/1es-public/_packaging/npm-public/npm/registry/@octokit/auth-unauthenticated/-/auth-unauthenticated-7.0.5.tgz",
      "integrity": "sha1-KzaYiY4PKDswBcWmIWi7UtMyHA8=",
      "license": "MIT",
      "dependencies": {
        "@octokit/request-error": "^7.1.2",
        "@octokit/types": "^18.0.0"
      },
      "engines": {
        "node": ">= 20"
      }
    },
    "node_modules/@octokit/auth-unauthenticated/node_modules/@octokit/openapi-types": {
      "version": "29.0.1",
      "resolved": "https://ms-feed-25.pkgs.visualstudio.com/1es-public/_packaging/npm-public/npm/registry/@octokit/openapi-types/-/openapi-types-29.0.1.tgz",
      "integrity": "sha1-BYlcyK4ygFjnr3W2CMTJfwvBvAA=",
      "license": "MIT"
    },
    "node_modules/@octokit/auth-unauthenticated/node_modules/@octokit/types": {
      "version": "18.0.0",
      "resolved": "https://ms-feed-25.pkgs.visualstudio.com/1es-public/_packaging/npm-public/npm/registry/@octokit/types/-/types-18.0.0.tgz",
      "integrity": "sha1-dj7uuvtIjY6oqDIur7LZsYhdKEQ=",
      "license": "MIT",
      "dependencies": {
        "@octokit/openapi-types": "^29.0.1"
      }
    },
    "node_modules/@octokit/core": {
      "version": "7.0.6",
      "resolved": "https://registry.npmjs.org/@octokit/core/-/core-7.0.6.tgz",
      "integrity": "sha512-DhGl4xMVFGVIyMwswXeyzdL4uXD5OGILGX5N8Y+f6W7LhC1Ze2poSNrkF/fedpVDHEEZ+PHFW0vL14I+mm8K3Q==",
      "license": "MIT",
      "peer": true,
      "dependencies": {
        "@octokit/auth-token": "^6.0.0",
        "@octokit/graphql": "^9.0.3",
        "@octokit/request": "^10.0.6",
        "@octokit/request-error": "^7.0.2",
        "@octokit/types": "^16.0.0",
        "before-after-hook": "^4.0.0",
        "universal-user-agent": "^7.0.0"
      },
      "engines": {
        "node": ">= 20"
      }
    },
    "node_modules/@octokit/endpoint": {
      "version": "11.0.5",
      "resolved": "https://ms-feed-25.pkgs.visualstudio.com/1es-public/_packaging/npm-public/npm/registry/@octokit/endpoint/-/endpoint-11.0.5.tgz",
      "integrity": "sha1-1+yIhDv+7qaS/ul7UufCzcA5PbQ=",
      "license": "MIT",
      "dependencies": {
        "@octokit/types": "^18.0.0",
        "universal-user-agent": "^7.0.2"
      },
      "engines": {
        "node": ">= 20"
      }
    },
    "node_modules/@octokit/endpoint/node_modules/@octokit/openapi-types": {
      "version": "29.0.1",
      "resolved": "https://ms-feed-25.pkgs.visualstudio.com/1es-public/_packaging/npm-public/npm/registry/@octokit/openapi-types/-/openapi-types-29.0.1.tgz",
      "integrity": "sha1-BYlcyK4ygFjnr3W2CMTJfwvBvAA=",
      "license": "MIT"
    },
    "node_modules/@octokit/endpoint/node_modules/@octokit/types": {
      "version": "18.0.0",
      "resolved": "https://ms-feed-25.pkgs.visualstudio.com/1es-public/_packaging/npm-public/npm/registry/@octokit/types/-/types-18.0.0.tgz",
      "integrity": "sha1-dj7uuvtIjY6oqDIur7LZsYhdKEQ=",
      "license": "MIT",
      "dependencies": {
        "@octokit/openapi-types": "^29.0.1"
      }
    },
    "node_modules/@octokit/graphql": {
      "version": "9.0.3",
      "resolved": "https://registry.npmjs.org/@octokit/graphql/-/graphql-9.0.3.tgz",
      "integrity": "sha512-grAEuupr/C1rALFnXTv6ZQhFuL1D8G5y8CN04RgrO4FIPMrtm+mcZzFG7dcBm+nq+1ppNixu+Jd78aeJOYxlGA==",
      "license": "MIT",
      "dependencies": {
        "@octokit/request": "^10.0.6",
        "@octokit/types": "^16.0.0",
        "universal-user-agent": "^7.0.0"
      },
      "engines": {
        "node": ">= 20"
      }
    },
    "node_modules/@octokit/oauth-authorization-url": {
      "version": "8.0.0",
      "resolved": "https://ms-feed-25.pkgs.visualstudio.com/1es-public/_packaging/npm-public/npm/registry/@octokit/oauth-authorization-url/-/oauth-authorization-url-8.0.0.tgz",
      "integrity": "sha1-/bqzmgfTj6qthiGl/fBLwMNtY+c=",
      "license": "MIT",
      "engines": {
        "node": ">= 20"
      }
    },
    "node_modules/@octokit/oauth-methods": {
      "version": "6.0.5",
      "resolved": "https://ms-feed-25.pkgs.visualstudio.com/1es-public/_packaging/npm-public/npm/registry/@octokit/oauth-methods/-/oauth-methods-6.0.5.tgz",
      "integrity": "sha1-/69+Bul1m5LQsAcKoYZ91ltwbX0=",
      "license": "MIT",
      "dependencies": {
        "@octokit/oauth-authorization-url": "^8.0.0",
        "@octokit/request": "^10.0.16",
        "@octokit/request-error": "^7.1.2",
        "@octokit/types": "^18.0.0"
      },
      "engines": {
        "node": ">= 20"
      }
    },
    "node_modules/@octokit/oauth-methods/node_modules/@octokit/openapi-types": {
      "version": "29.0.1",
      "resolved": "https://ms-feed-25.pkgs.visualstudio.com/1es-public/_packaging/npm-public/npm/registry/@octokit/openapi-types/-/openapi-types-29.0.1.tgz",
      "integrity": "sha1-BYlcyK4ygFjnr3W2CMTJfwvBvAA=",
      "license": "MIT"
    },
    "node_modules/@octokit/oauth-methods/node_modules/@octokit/types": {
      "version": "18.0.0",
      "resolved": "https://ms-feed-25.pkgs.visualstudio.com/1es-public/_packaging/npm-public/npm/registry/@octokit/types/-/types-18.0.0.tgz",
      "integrity": "sha1-dj7uuvtIjY6oqDIur7LZsYhdKEQ=",
      "license": "MIT",
      "dependencies": {
        "@octokit/openapi-types": "^29.0.1"
      }
    },
    "node_modules/@octokit/openapi-types": {
      "version": "27.0.0",
      "resolved": "https://registry.npmjs.org/@octokit/openapi-types/-/openapi-types-27.0.0.tgz",
      "integrity": "sha512-whrdktVs1h6gtR+09+QsNk2+FO+49j6ga1c55YZudfEG+oKJVvJLQi3zkOm5JjiUXAagWK2tI2kTGKJ2Ys7MGA==",
      "license": "MIT"
    },
    "node_modules/@octokit/openapi-webhooks-types": {
      "version": "12.1.0",
      "resolved": "https://ms-feed-25.pkgs.visualstudio.com/1es-public/_packaging/npm-public/npm/registry/@octokit/openapi-webhooks-types/-/openapi-webhooks-types-12.1.0.tgz",
      "integrity": "sha1-bxsoOaDQDJUk6B8W2HNexBC84Yc=",
      "license": "MIT"
    },
    "node_modules/@octokit/plugin-enterprise-compatibility": {
      "version": "6.0.3",
      "resolved": "https://ms-feed-25.pkgs.visualstudio.com/1es-public/_packaging/npm-public/npm/registry/@octokit/plugin-enterprise-compatibility/-/plugin-enterprise-compatibility-6.0.3.tgz",
      "integrity": "sha1-aGd39QG3yqaaOcROPrNyZb9lTWk=",
      "license": "MIT",
      "dependencies": {
        "@octokit/request-error": "^7.1.0",
        "@octokit/types": "^16.0.0"
      },
      "engines": {
        "node": ">= 20"
      }
    },
    "node_modules/@octokit/plugin-paginate-rest": {
      "version": "14.0.0",
      "resolved": "https://registry.npmjs.org/@octokit/plugin-paginate-rest/-/plugin-paginate-rest-14.0.0.tgz",
      "integrity": "sha512-fNVRE7ufJiAA3XUrha2omTA39M6IXIc6GIZLvlbsm8QOQCYvpq/LkMNGyFlB1d8hTDzsAXa3OKtybdMAYsV/fw==",
      "license": "MIT",
      "dependencies": {
        "@octokit/types": "^16.0.0"
      },
      "engines": {
        "node": ">= 20"
      },
      "peerDependencies": {
        "@octokit/core": ">=6"
      }
    },
    "node_modules/@octokit/plugin-request-log": {
      "version": "6.0.0",
      "resolved": "https://registry.npmjs.org/@octokit/plugin-request-log/-/plugin-request-log-6.0.0.tgz",
      "integrity": "sha512-UkOzeEN3W91/eBq9sPZNQ7sUBvYCqYbrrD8gTbBuGtHEuycE4/awMXcYvx6sVYo7LypPhmQwwpUe4Yyu4QZN5Q==",
      "license": "MIT",
      "engines": {
        "node": ">= 20"
      },
      "peerDependencies": {
        "@octokit/core": ">=6"
      }
    },
    "node_modules/@octokit/plugin-rest-endpoint-methods": {
      "version": "17.0.0",
      "resolved": "https://registry.npmjs.org/@octokit/plugin-rest-endpoint-methods/-/plugin-rest-endpoint-methods-17.0.0.tgz",
      "integrity": "sha512-B5yCyIlOJFPqUUeiD0cnBJwWJO8lkJs5d8+ze9QDP6SvfiXSz1BF+91+0MeI1d2yxgOhU/O+CvtiZ9jSkHhFAw==",
      "license": "MIT",
      "dependencies": {
        "@octokit/types": "^16.0.0"
      },
      "engines": {
        "node": ">= 20"
      },
      "peerDependencies": {
        "@octokit/core": ">=6"
      }
    },
    "node_modules/@octokit/plugin-retry": {
      "version": "8.1.1",
      "resolved": "https://ms-feed-25.pkgs.visualstudio.com/1es-public/_packaging/npm-public/npm/registry/@octokit/plugin-retry/-/plugin-retry-8.1.1.tgz",
      "integrity": "sha1-66jGcMMSilR06NH2K9GxX/8JxYM=",
      "license": "MIT",
      "dependencies": {
        "@octokit/request-error": "^7.1.1",
        "@octokit/types": "^17.0.0",
        "bottleneck": "^2.15.3"
      },
      "engines": {
        "node": ">= 20"
      },
      "peerDependencies": {
        "@octokit/core": ">=7"
      }
    },
    "node_modules/@octokit/plugin-retry/node_modules/@octokit/openapi-types": {
      "version": "28.0.0",
      "resolved": "https://ms-feed-25.pkgs.visualstudio.com/1es-public/_packaging/npm-public/npm/registry/@octokit/openapi-types/-/openapi-types-28.0.0.tgz",
      "integrity": "sha1-qOR2kcFgL0d2Tn8V0WXW9mc2sAU=",
      "license": "MIT"
    },
    "node_modules/@octokit/plugin-retry/node_modules/@octokit/types": {
      "version": "17.0.0",
      "resolved": "https://ms-feed-25.pkgs.visualstudio.com/1es-public/_packaging/npm-public/npm/registry/@octokit/types/-/types-17.0.0.tgz",
      "integrity": "sha1-wPpAkLjZV92bZaUR9x+H7hQDdpQ=",
      "license": "MIT",
      "dependencies": {
        "@octokit/openapi-types": "^28.0.0"
      }
    },
    "node_modules/@octokit/plugin-throttling": {
      "version": "11.0.5",
      "resolved": "https://ms-feed-25.pkgs.visualstudio.com/1es-public/_packaging/npm-public/npm/registry/@octokit/plugin-throttling/-/plugin-throttling-11.0.5.tgz",
      "integrity": "sha1-Rpswbw8WLniwOshI95x4q0dxhmU=",
      "license": "MIT",
      "dependencies": {
        "@octokit/types": "^17.0.0",
        "bottleneck": "^2.15.3"
      },
      "engines": {
        "node": ">= 20"
      },
      "peerDependencies": {
        "@octokit/core": "^7.0.0"
      }
    },
    "node_modules/@octokit/plugin-throttling/node_modules/@octokit/openapi-types": {
      "version": "28.0.0",
      "resolved": "https://ms-feed-25.pkgs.visualstudio.com/1es-public/_packaging/npm-public/npm/registry/@octokit/openapi-types/-/openapi-types-28.0.0.tgz",
      "integrity": "sha1-qOR2kcFgL0d2Tn8V0WXW9mc2sAU=",
      "license": "MIT"
    },
    "node_modules/@octokit/plugin-throttling/node_modules/@octokit/types": {
      "version": "17.0.0",
      "resolved": "https://ms-feed-25.pkgs.visualstudio.com/1es-public/_packaging/npm-public/npm/registry/@octokit/types/-/types-17.0.0.tgz",
      "integrity": "sha1-wPpAkLjZV92bZaUR9x+H7hQDdpQ=",
      "license": "MIT",
      "dependencies": {
        "@octokit/openapi-types": "^28.0.0"
      }
    },
    "node_modules/@octokit/request": {
      "version": "10.0.16",
      "resolved": "https://ms-feed-25.pkgs.visualstudio.com/1es-public/_packaging/npm-public/npm/registry/@octokit/request/-/request-10.0.16.tgz",
      "integrity": "sha1-tUj4+Ej/5Mz1CCFC+sCW/nuCIrI=",
      "license": "MIT",
      "dependencies": {
        "@octokit/endpoint": "^11.0.5",
        "@octokit/request-error": "^7.1.2",
        "@octokit/types": "^18.0.0",
        "content-type": "^3.0.0",
        "json-with-bigint": "^3.5.12",
        "universal-user-agent": "^7.0.2"
      },
      "engines": {
        "node": ">= 20"
      }
    },
    "node_modules/@octokit/request-error": {
      "version": "7.1.2",
      "resolved": "https://ms-feed-25.pkgs.visualstudio.com/1es-public/_packaging/npm-public/npm/registry/@octokit/request-error/-/request-error-7.1.2.tgz",
      "integrity": "sha1-BHfz7BA0hpIF+L2AVg8rxVtlmXM=",
      "license": "MIT",
      "dependencies": {
        "@octokit/types": "^18.0.0"
      },
      "engines": {
        "node": ">= 20"
      }
    },
    "node_modules/@octokit/request-error/node_modules/@octokit/openapi-types": {
      "version": "29.0.1",
      "resolved": "https://ms-feed-25.pkgs.visualstudio.com/1es-public/_packaging/npm-public/npm/registry/@octokit/openapi-types/-/openapi-types-29.0.1.tgz",
      "integrity": "sha1-BYlcyK4ygFjnr3W2CMTJfwvBvAA=",
      "license": "MIT"
    },
    "node_modules/@octokit/request-error/node_modules/@octokit/types": {
      "version": "18.0.0",
      "resolved": "https://ms-feed-25.pkgs.visualstudio.com/1es-public/_packaging/npm-public/npm/registry/@octokit/types/-/types-18.0.0.tgz",
      "integrity": "sha1-dj7uuvtIjY6oqDIur7LZsYhdKEQ=",
      "license": "MIT",
      "dependencies": {
        "@octokit/openapi-types": "^29.0.1"
      }
    },
    "node_modules/@octokit/request/node_modules/@octokit/openapi-types": {
      "version": "29.0.1",
      "resolved": "https://ms-feed-25.pkgs.visualstudio.com/1es-public/_packaging/npm-public/npm/registry/@octokit/openapi-types/-/openapi-types-29.0.1.tgz",
      "integrity": "sha1-BYlcyK4ygFjnr3W2CMTJfwvBvAA=",
      "license": "MIT"
    },
    "node_modules/@octokit/request/node_modules/@octokit/types": {
      "version": "18.0.0",
      "resolved": "https://ms-feed-25.pkgs.visualstudio.com/1es-public/_packaging/npm-public/npm/registry/@octokit/types/-/types-18.0.0.tgz",
      "integrity": "sha1-dj7uuvtIjY6oqDIur7LZsYhdKEQ=",
      "license": "MIT",
      "dependencies": {
        "@octokit/openapi-types": "^29.0.1"
      }
    },
    "node_modules/@octokit/rest": {
      "version": "22.0.1",
      "resolved": "https://registry.npmjs.org/@octokit/rest/-/rest-22.0.1.tgz",
      "integrity": "sha512-Jzbhzl3CEexhnivb1iQ0KJ7s5vvjMWcmRtq5aUsKmKDrRW6z3r84ngmiFKFvpZjpiU/9/S6ITPFRpn5s/3uQJw==",
      "license": "MIT",
      "dependencies": {
        "@octokit/core": "^7.0.6",
        "@octokit/plugin-paginate-rest": "^14.0.0",
        "@octokit/plugin-request-log": "^6.0.0",
        "@octokit/plugin-rest-endpoint-methods": "^17.0.0"
      },
      "engines": {
        "node": ">= 20"
      }
    },
    "node_modules/@octokit/types": {
      "version": "16.0.0",
      "resolved": "https://registry.npmjs.org/@octokit/types/-/types-16.0.0.tgz",
      "integrity": "sha512-sKq+9r1Mm4efXW1FCk7hFSeJo4QKreL/tTbR0rz/qx/r1Oa2VV83LTA/H/MuCOX7uCIJmQVRKBcbmWoySjAnSg==",
      "license": "MIT",
      "dependencies": {
        "@octokit/openapi-types": "^27.0.0"
      }
    },
    "node_modules/@octokit/webhooks": {
      "version": "14.2.0",
      "resolved": "https://ms-feed-25.pkgs.visualstudio.com/1es-public/_packaging/npm-public/npm/registry/@octokit/webhooks/-/webhooks-14.2.0.tgz",
      "integrity": "sha1-215zD7OihB9N7GoTlNmFiedDcdI=",
      "license": "MIT",
      "dependencies": {
        "@octokit/openapi-webhooks-types": "12.1.0",
        "@octokit/request-error": "^7.0.0",
        "@octokit/webhooks-methods": "^6.0.0"
      },
      "engines": {
        "node": ">= 20"
      }
    },
    "node_modules/@octokit/webhooks-methods": {
      "version": "6.0.0",
      "resolved": "https://ms-feed-25.pkgs.visualstudio.com/1es-public/_packaging/npm-public/npm/registry/@octokit/webhooks-methods/-/webhooks-methods-6.0.0.tgz",
      "integrity": "sha1-NKv3iuxvgm/lYc/nnS67GVDR0l8=",
      "license": "MIT",
      "engines": {
        "node": ">= 20"
      }
    },
    "node_modules/@pinojs/redact": {
      "version": "0.4.0",
      "resolved": "https://ms-feed-25.pkgs.visualstudio.com/1es-public/_packaging/npm-public/npm/registry/@pinojs/redact/-/redact-0.4.0.tgz",
      "integrity": "sha1-w94GDdEmQNzIOFFqoqaAPMey6dY=",
      "license": "MIT"
    },
    "node_modules/@probot/get-private-key": {
      "version": "2.1.1",
      "resolved": "https://ms-feed-25.pkgs.visualstudio.com/1es-public/_packaging/npm-public/npm/registry/@probot/get-private-key/-/get-private-key-2.1.1.tgz",
      "integrity": "sha1-h6bZAVpf2L6jUW0v9k+D8xaGVoU=",
      "license": "ISC",
      "engines": {
        "node": ">= 18"
      }
    },
    "node_modules/@probot/octokit-plugin-config": {
      "version": "4.1.0",
      "resolved": "https://ms-feed-25.pkgs.visualstudio.com/1es-public/_packaging/npm-public/npm/registry/@probot/octokit-plugin-config/-/octokit-plugin-config-4.1.0.tgz",
      "integrity": "sha1-IWFnD/hsBhFp4R1cOl3oGymOb98=",
      "license": "MIT",
      "dependencies": {
        "yaml": "^2.8.1"
      },
      "engines": {
        "node": "^20.18.1 || >= 22"
      },
      "peerDependencies": {
        "@octokit/core": ">=7"
      }
    },
    "node_modules/@probot/pino": {
      "version": "5.0.1",
      "resolved": "https://ms-feed-25.pkgs.visualstudio.com/1es-public/_packaging/npm-public/npm/registry/@probot/pino/-/pino-5.0.1.tgz",
      "integrity": "sha1-oA4sufMlaCSCkd2fQMV/9WjRYXw=",
      "license": "MIT",
      "dependencies": {
        "npx-import-light": "^1.0.0",
        "pino-pretty": "^13.0.0",
        "pump": "^3.0.0",
        "split2": "^4.0.0"
      },
      "bin": {
        "pino-probot": "bin/cli.js"
      },
      "engines": {
        "node": ">=18"
      }
    },
    "node_modules/argparse": {
      "version": "2.0.1",
      "resolved": "https://registry.npmjs.org/argparse/-/argparse-2.0.1.tgz",
      "integrity": "sha512-8+9WqebbFzpX9OR+Wa6O29asIogeRMzcGtAINdpMHHyAg10f05aSFVBbcEqGf/PXw1EjAZ+q2/bEBg3DvurK3Q==",
      "license": "Python-2.0"
    },
    "node_modules/atomic-sleep": {
      "version": "1.0.0",
      "resolved": "https://ms-feed-25.pkgs.visualstudio.com/1es-public/_packaging/npm-public/npm/registry/atomic-sleep/-/atomic-sleep-1.0.0.tgz",
      "integrity": "sha1-64W3emAfyTLP5DLFrNNkqeLJB1s=",
      "license": "MIT",
      "engines": {
        "node": ">=8.0.0"
      }
    },
    "node_modules/before-after-hook": {
      "version": "4.0.0",
      "resolved": "https://registry.npmjs.org/before-after-hook/-/before-after-hook-4.0.0.tgz",
      "integrity": "sha512-q6tR3RPqIB1pMiTRMFcZwuG5T8vwp+vUvEG0vuI6B+Rikh5BfPp2fQ82c925FOs+b0lcFQ8CFrL+KbilfZFhOQ==",
      "license": "Apache-2.0"
    },
    "node_modules/bottleneck": {
      "version": "2.19.5",
      "resolved": "https://ms-feed-25.pkgs.visualstudio.com/1es-public/_packaging/npm-public/npm/registry/bottleneck/-/bottleneck-2.19.5.tgz",
      "integrity": "sha1-XfC5D1n9R2VuvmPHiphBkgXK3ZE=",
      "license": "MIT"
    },
    "node_modules/colorette": {
      "version": "2.0.20",
      "resolved": "https://ms-feed-25.pkgs.visualstudio.com/1es-public/_packaging/npm-public/npm/registry/colorette/-/colorette-2.0.20.tgz",
      "integrity": "sha1-nreT5oMwZ/cjWQL807CZF6AAqVo=",
      "license": "MIT"
    },
    "node_modules/content-type": {
      "version": "3.1.0",
      "resolved": "https://ms-feed-25.pkgs.visualstudio.com/1es-public/_packaging/npm-public/npm/registry/content-type/-/content-type-3.1.0.tgz",
      "integrity": "sha512-z26wZR7iXahgpSK7XgnB4IbRVmUNSODvsX9qC9TAru7AcWGiqn5YKy+OH3PLRrwyAnewykKhCqnD+VV3a8uT8Q==",
      "license": "MIT",
      "engines": {
        "node": ">=22"
      },
      "funding": {
        "type": "opencollective",
        "url": "https://opencollective.com/express"
      }
    },
    "node_modules/dateformat": {
      "version": "4.6.3",
      "resolved": "https://ms-feed-25.pkgs.visualstudio.com/1es-public/_packaging/npm-public/npm/registry/dateformat/-/dateformat-4.6.3.tgz",
      "integrity": "sha1-VW+mSX5SF/7beIIUJPihwi+j9LU=",
      "license": "MIT",
      "engines": {
        "node": "*"
      }
    },
    "node_modules/deepmerge": {
      "version": "4.3.1",
      "resolved": "https://ms-feed-25.pkgs.visualstudio.com/1es-public/_packaging/npm-public/npm/registry/deepmerge/-/deepmerge-4.3.1.tgz",
      "integrity": "sha1-RLXyFHzTsA1LVhN2hZZvJv0l3Uo=",
      "license": "MIT",
      "engines": {
        "node": ">=0.10.0"
      }
    },
    "node_modules/end-of-stream": {
      "version": "1.4.5",
      "resolved": "https://ms-feed-25.pkgs.visualstudio.com/1es-public/_packaging/npm-public/npm/registry/end-of-stream/-/end-of-stream-1.4.5.tgz",
      "integrity": "sha1-c0TXEd6kDgt0q8LtSXeHQ8ztsIw=",
      "license": "MIT",
      "dependencies": {
        "once": "^1.4.0"
      }
    },
    "node_modules/fast-copy": {
      "version": "4.1.1",
      "resolved": "https://ms-feed-25.pkgs.visualstudio.com/1es-public/_packaging/npm-public/npm/registry/fast-copy/-/fast-copy-4.1.1.tgz",
      "integrity": "sha1-458tQDqnen4QYo49jU2O1LKsUlY=",
      "license": "MIT"
    },
    "node_modules/fast-safe-stringify": {
      "version": "2.1.1",
      "resolved": "https://ms-feed-25.pkgs.visualstudio.com/1es-public/_packaging/npm-public/npm/registry/fast-safe-stringify/-/fast-safe-stringify-2.1.1.tgz",
      "integrity": "sha1-xAaoO25w2eNc47MKgRQd8wrrqIQ=",
      "license": "MIT"
    },
    "node_modules/find-up-simple": {
      "version": "1.0.1",
      "resolved": "https://ms-feed-25.pkgs.visualstudio.com/1es-public/_packaging/npm-public/npm/registry/find-up-simple/-/find-up-simple-1.0.1.tgz",
      "integrity": "sha1-GPuQrUnkUlLE1/yla6reBPo/yh4=",
      "license": "MIT",
      "engines": {
        "node": ">=18"
      },
      "funding": {
        "url": "https://github.com/sponsors/sindresorhus"
      }
    },
    "node_modules/get-caller-file": {
      "version": "2.0.5",
      "resolved": "https://ms-feed-25.pkgs.visualstudio.com/1es-public/_packaging/npm-public/npm/registry/get-caller-file/-/get-caller-file-2.0.5.tgz",
      "integrity": "sha1-T5RBKoLbMvNuOwuXQfipf+sDH34=",
      "license": "ISC",
      "engines": {
        "node": "6.* || 8.* || >= 10.*"
      }
    },
    "node_modules/help-me": {
      "version": "5.0.0",
      "resolved": "https://ms-feed-25.pkgs.visualstudio.com/1es-public/_packaging/npm-public/npm/registry/help-me/-/help-me-5.0.0.tgz",
      "integrity": "sha1-sevmO5Z7dAYAJ8KsYfm+EtNUpvY=",
      "license": "MIT"
    },
    "node_modules/import-meta-resolve": {
      "version": "4.2.0",
      "resolved": "https://ms-feed-25.pkgs.visualstudio.com/1es-public/_packaging/npm-public/npm/registry/import-meta-resolve/-/import-meta-resolve-4.2.0.tgz",
      "integrity": "sha1-CMuFtb037MjrHg9nDcJ2cALUNzQ=",
      "license": "MIT",
      "funding": {
        "type": "github",
        "url": "https://github.com/sponsors/wooorm"
      }
    },
    "node_modules/joycon": {
      "version": "3.1.1",
      "resolved": "https://ms-feed-25.pkgs.visualstudio.com/1es-public/_packaging/npm-public/npm/registry/joycon/-/joycon-3.1.1.tgz",
      "integrity": "sha1-vOhZbWroCPi2gWj1/GkoCZaJTwM=",
      "license": "MIT",
      "engines": {
        "node": ">=10"
      }
    },
    "node_modules/js-yaml": {
      "version": "4.1.1",
      "resolved": "https://registry.npmjs.org/js-yaml/-/js-yaml-4.1.1.tgz",
      "integrity": "sha512-qQKT4zQxXl8lLwBtHMWwaTcGfFOZviOJet3Oy/xmGk2gZH677CJM9EvtfdSkgWcATZhj/55JZ0rmy3myCT5lsA==",
      "license": "MIT",
      "dependencies": {
        "argparse": "^2.0.1"
      },
      "bin": {
        "js-yaml": "bin/js-yaml.js"
      }
    },
    "node_modules/json-with-bigint": {
      "version": "3.5.12",
      "resolved": "https://ms-feed-25.pkgs.visualstudio.com/1es-public/_packaging/npm-public/npm/registry/json-with-bigint/-/json-with-bigint-3.5.12.tgz",
      "integrity": "sha1-n2v3IqmEftcvqbIXsrZhgSJ8RUw=",
      "license": "MIT"
    },
    "node_modules/load-json-file": {
      "version": "7.0.1",
      "resolved": "https://ms-feed-25.pkgs.visualstudio.com/1es-public/_packaging/npm-public/npm/registry/load-json-file/-/load-json-file-7.0.1.tgz",
      "integrity": "sha1-o8n95r7/tr7bWs8QT61rsWBOGwA=",
      "license": "MIT",
      "engines": {
        "node": "^12.20.0 || ^14.13.1 || >=16.0.0"
      },
      "funding": {
        "url": "https://github.com/sponsors/sindresorhus"
      }
    },
    "node_modules/minimist": {
      "version": "1.2.8",
      "resolved": "https://ms-feed-25.pkgs.visualstudio.com/1es-public/_packaging/npm-public/npm/registry/minimist/-/minimist-1.2.8.tgz",
      "integrity": "sha1-waRk52kzAuCCoHXO4MBXdBrEdyw=",
      "license": "MIT",
      "funding": {
        "url": "https://github.com/sponsors/ljharb"
      }
    },
    "node_modules/npx-import-light": {
      "version": "1.0.0",
      "resolved": "https://ms-feed-25.pkgs.visualstudio.com/1es-public/_packaging/npm-public/npm/registry/npx-import-light/-/npx-import-light-1.0.0.tgz",
      "integrity": "sha1-jZBU1/nRkIy7HTrnKaHQBC4dQe8=",
      "license": "ISC"
    },
    "node_modules/octokit-auth-probot": {
      "version": "4.2.2",
      "resolved": "https://ms-feed-25.pkgs.visualstudio.com/1es-public/_packaging/npm-public/npm/registry/octokit-auth-probot/-/octokit-auth-probot-4.2.2.tgz",
      "integrity": "sha1-uiReaHXSxm2+ZIUZgeT6YnSqVZ0=",
      "license": "ISC",
      "dependencies": {
        "@octokit/auth-app": "^8.1.2",
        "@octokit/auth-token": "^6.0.0",
        "@octokit/auth-unauthenticated": "^7.0.3",
        "@octokit/types": "^16.0.0"
      },
      "engines": {
        "node": "^20.17 || >=22"
      },
      "peerDependencies": {
        "@octokit/core": ">=7"
      }
    },
    "node_modules/on-exit-leak-free": {
      "version": "2.1.2",
      "resolved": "https://ms-feed-25.pkgs.visualstudio.com/1es-public/_packaging/npm-public/npm/registry/on-exit-leak-free/-/on-exit-leak-free-2.1.2.tgz",
      "integrity": "sha1-/tGVyevdt9nkw4Qvk/KBrI2t07g=",
      "license": "MIT",
      "engines": {
        "node": ">=14.0.0"
      }
    },
    "node_modules/once": {
      "version": "1.4.0",
      "resolved": "https://ms-feed-25.pkgs.visualstudio.com/1es-public/_packaging/npm-public/npm/registry/once/-/once-1.4.0.tgz",
      "integrity": "sha1-WDsap3WWHUsROsF9nFC6753Xa9E=",
      "license": "ISC",
      "dependencies": {
        "wrappy": "1"
      }
    },
    "node_modules/package-config": {
      "version": "5.0.0",
      "resolved": "https://ms-feed-25.pkgs.visualstudio.com/1es-public/_packaging/npm-public/npm/registry/package-config/-/package-config-5.0.0.tgz",
      "integrity": "sha1-y6eLf+szlvoBScrKLHJnf/MCs8Q=",
      "license": "MIT",
      "dependencies": {
        "find-up-simple": "^1.0.0",
        "load-json-file": "^7.0.1"
      },
      "engines": {
        "node": ">=18"
      },
      "funding": {
        "url": "https://github.com/sponsors/sindresorhus"
      }
    },
    "node_modules/pino": {
      "version": "10.3.1",
      "resolved": "https://ms-feed-25.pkgs.visualstudio.com/1es-public/_packaging/npm-public/npm/registry/pino/-/pino-10.3.1.tgz",
      "integrity": "sha1-ZVLI+NhIGETJ5FLnvwvpC/8ZOc4=",
      "license": "MIT",
      "dependencies": {
        "@pinojs/redact": "^0.4.0",
        "atomic-sleep": "^1.0.0",
        "on-exit-leak-free": "^2.1.0",
        "pino-abstract-transport": "^3.0.0",
        "pino-std-serializers": "^7.0.0",
        "process-warning": "^5.0.0",
        "quick-format-unescaped": "^4.0.3",
        "real-require": "^0.2.0",
        "safe-stable-stringify": "^2.3.1",
        "sonic-boom": "^4.0.1",
        "thread-stream": "^4.0.0"
      },
      "bin": {
        "pino": "bin.js"
      }
    },
    "node_modules/pino-abstract-transport": {
      "version": "3.0.0",
      "resolved": "https://ms-feed-25.pkgs.visualstudio.com/1es-public/_packaging/npm-public/npm/registry/pino-abstract-transport/-/pino-abstract-transport-3.0.0.tgz",
      "integrity": "sha1-sh5fM6KX6MTJFcYrPOXdSoelLCM=",
      "license": "MIT",
      "dependencies": {
        "split2": "^4.0.0"
      }
    },
    "node_modules/pino-http": {
      "version": "11.0.0",
      "resolved": "https://ms-feed-25.pkgs.visualstudio.com/1es-public/_packaging/npm-public/npm/registry/pino-http/-/pino-http-11.0.0.tgz",
      "integrity": "sha1-663vRpT8Waraub5+WTmupiW0YV8=",
      "license": "MIT",
      "dependencies": {
        "get-caller-file": "^2.0.5",
        "pino": "^10.0.0",
        "pino-std-serializers": "^7.0.0",
        "process-warning": "^5.0.0"
      }
    },
    "node_modules/pino-pretty": {
      "version": "13.1.3",
      "resolved": "https://ms-feed-25.pkgs.visualstudio.com/1es-public/_packaging/npm-public/npm/registry/pino-pretty/-/pino-pretty-13.1.3.tgz",
      "integrity": "sha1-InTMzakl3TVcEEB5pQKfZZjQOBs=",
      "license": "MIT",
      "dependencies": {
        "colorette": "^2.0.7",
        "dateformat": "^4.6.3",
        "fast-copy": "^4.0.0",
        "fast-safe-stringify": "^2.1.1",
        "help-me": "^5.0.0",
        "joycon": "^3.1.1",
        "minimist": "^1.2.6",
        "on-exit-leak-free": "^2.1.0",
        "pino-abstract-transport": "^3.0.0",
        "pump": "^3.0.0",
        "secure-json-parse": "^4.0.0",
        "sonic-boom": "^4.0.1",
        "strip-json-comments": "^5.0.2"
      },
      "bin": {
        "pino-pretty": "bin.js"
      }
    },
    "node_modules/pino-std-serializers": {
      "version": "7.1.0",
      "resolved": "https://ms-feed-25.pkgs.visualstudio.com/1es-public/_packaging/npm-public/npm/registry/pino-std-serializers/-/pino-std-serializers-7.1.0.tgz",
      "integrity": "sha1-p7DNZSJfKeklQOeFO9c7B0eYk/w=",
      "license": "MIT"
    },
    "node_modules/probot": {
      "version": "14.3.2",
      "resolved": "https://ms-feed-25.pkgs.visualstudio.com/1es-public/_packaging/npm-public/npm/registry/probot/-/probot-14.3.2.tgz",
      "integrity": "sha1-O+1UEyhZPlRfYT4EDEumhEXbQOM=",
      "license": "ISC",
      "dependencies": {
        "@octokit/core": "^7.0.3",
        "@octokit/plugin-enterprise-compatibility": "^6.0.1",
        "@octokit/plugin-paginate-rest": "^14.0.0",
        "@octokit/plugin-rest-endpoint-methods": "^17.0.0",
        "@octokit/plugin-retry": "^8.0.1",
        "@octokit/plugin-throttling": "^11.0.1",
        "@octokit/request": "^10.0.3",
        "@octokit/types": "^16.0.0",
        "@octokit/webhooks": "^14.1.2",
        "@probot/get-private-key": "^2.1.1",
        "@probot/octokit-plugin-config": "^4.0.0",
        "@probot/pino": "^5.0.1",
        "bottleneck": "^2.19.5",
        "deepmerge": "^4.3.1",
        "import-meta-resolve": "^4.1.0",
        "npx-import-light": "^1.0.0",
        "octokit-auth-probot": "^4.0.1",
        "package-config": "^5.0.0",
        "pino": "^10.0.0",
        "pino-http": "^11.0.0",
        "toad-cache": "^3.7.0",
        "yaml": "^2.8.1"
      },
      "bin": {
        "probot": "bin/probot.js"
      },
      "engines": {
        "node": "^20.18.1 || >= 22"
      }
    },
    "node_modules/process-warning": {
      "version": "5.1.0",
      "resolved": "https://ms-feed-25.pkgs.visualstudio.com/1es-public/_packaging/npm-public/npm/registry/process-warning/-/process-warning-5.1.0.tgz",
      "integrity": "sha1-DqCUsYthD1lCQ+/FheIPLb7lVdw=",
      "funding": [
        {
          "type": "github",
          "url": "https://github.com/sponsors/fastify"
        },
        {
          "type": "opencollective",
          "url": "https://opencollective.com/fastify"
        }
      ],
      "license": "MIT"
    },
    "node_modules/pump": {
      "version": "3.0.4",
      "resolved": "https://ms-feed-25.pkgs.visualstudio.com/1es-public/_packaging/npm-public/npm/registry/pump/-/pump-3.0.4.tgz",
      "integrity": "sha1-HzE0MFJ/qLkFYi69Iv4UROdXqzw=",
      "license": "MIT",
      "dependencies": {
        "end-of-stream": "^1.1.0",
        "once": "^1.3.1"
      }
    },
    "node_modules/quick-format-unescaped": {
      "version": "4.0.4",
      "resolved": "https://ms-feed-25.pkgs.visualstudio.com/1es-public/_packaging/npm-public/npm/registry/quick-format-unescaped/-/quick-format-unescaped-4.0.4.tgz",
      "integrity": "sha1-k+9t2NNFPLx5cN1hT61MWVTWtac=",
      "license": "MIT"
    },
    "node_modules/real-require": {
      "version": "0.2.0",
      "resolved": "https://ms-feed-25.pkgs.visualstudio.com/1es-public/_packaging/npm-public/npm/registry/real-require/-/real-require-0.2.0.tgz",
      "integrity": "sha1-IJYy3qGBC+KuBjpqwIT+5+M/ung=",
      "license": "MIT",
      "engines": {
        "node": ">= 12.13.0"
      }
    },
    "node_modules/safe-stable-stringify": {
      "version": "2.5.0",
      "resolved": "https://ms-feed-25.pkgs.visualstudio.com/1es-public/_packaging/npm-public/npm/registry/safe-stable-stringify/-/safe-stable-stringify-2.5.0.tgz",
      "integrity": "sha1-TKL444XygxxDKnGbEIo7969Cod0=",
      "license": "MIT",
      "engines": {
        "node": ">=10"
      }
    },
    "node_modules/secure-json-parse": {
      "version": "4.1.0",
      "resolved": "https://ms-feed-25.pkgs.visualstudio.com/1es-public/_packaging/npm-public/npm/registry/secure-json-parse/-/secure-json-parse-4.1.0.tgz",
      "integrity": "sha1-Txq0HGehNJfqG5Exu0GDoihlR3w=",
      "funding": [
        {
          "type": "github",
          "url": "https://github.com/sponsors/fastify"
        },
        {
          "type": "opencollective",
          "url": "https://opencollective.com/fastify"
        }
      ],
      "license": "BSD-3-Clause"
    },
    "node_modules/sonic-boom": {
      "version": "4.2.1",
      "resolved": "https://ms-feed-25.pkgs.visualstudio.com/1es-public/_packaging/npm-public/npm/registry/sonic-boom/-/sonic-boom-4.2.1.tgz",
      "integrity": "sha1-KFmCUN9ImcCsVy1+LwRgaQumoDA=",
      "license": "MIT",
      "dependencies": {
        "atomic-sleep": "^1.0.0"
      }
    },
    "node_modules/split2": {
      "version": "4.2.0",
      "resolved": "https://ms-feed-25.pkgs.visualstudio.com/1es-public/_packaging/npm-public/npm/registry/split2/-/split2-4.2.0.tgz",
      "integrity": "sha1-ycWSCQTRSLqwufZxRfJFqGqtv6Q=",
      "license": "ISC",
      "engines": {
        "node": ">= 10.x"
      }
    },
    "node_modules/strip-json-comments": {
      "version": "5.0.3",
      "resolved": "https://ms-feed-25.pkgs.visualstudio.com/1es-public/_packaging/npm-public/npm/registry/strip-json-comments/-/strip-json-comments-5.0.3.tgz",
      "integrity": "sha1-tzBCSd1ALuZ/1RitqZOrNZNFi88=",
      "license": "MIT",
      "engines": {
        "node": ">=14.16"
      },
      "funding": {
        "url": "https://github.com/sponsors/sindresorhus"
      }
    },
    "node_modules/thread-stream": {
      "version": "4.2.0",
      "resolved": "https://ms-feed-25.pkgs.visualstudio.com/1es-public/_packaging/npm-public/npm/registry/thread-stream/-/thread-stream-4.2.0.tgz",
      "integrity": "sha1-BUBj6TuqsiNj0Ft4TWx+Q5Iwysc=",
      "license": "MIT",
      "dependencies": {
        "real-require": "^1.0.0"
      },
      "engines": {
        "node": ">=20"
      }
    },
    "node_modules/thread-stream/node_modules/real-require": {
      "version": "1.0.0",
      "resolved": "https://ms-feed-25.pkgs.visualstudio.com/1es-public/_packaging/npm-public/npm/registry/real-require/-/real-require-1.0.0.tgz",
      "integrity": "sha1-5PCjc36AYMUTtgwmUsWLjvVryKk=",
      "license": "MIT"
    },
    "node_modules/toad-cache": {
      "version": "3.7.4",
      "resolved": "https://ms-feed-25.pkgs.visualstudio.com/1es-public/_packaging/npm-public/npm/registry/toad-cache/-/toad-cache-3.7.4.tgz",
      "integrity": "sha1-IR5yYFu3hi38aOHA350P49wt7Ac=",
      "license": "MIT",
      "engines": {
        "node": ">=20"
      }
    },
    "node_modules/universal-github-app-jwt": {
      "version": "2.2.2",
      "resolved": "https://ms-feed-25.pkgs.visualstudio.com/1es-public/_packaging/npm-public/npm/registry/universal-github-app-jwt/-/universal-github-app-jwt-2.2.2.tgz",
      "integrity": "sha1-OFN+Wn0VQIWjX5dgGl4w6eF3F98=",
      "license": "MIT"
    },
    "node_modules/universal-user-agent": {
      "version": "7.0.3",
      "resolved": "https://registry.npmjs.org/universal-user-agent/-/universal-user-agent-7.0.3.tgz",
      "integrity": "sha512-TmnEAEAsBJVZM/AADELsK76llnwcf9vMKuPz8JflO1frO8Lchitr0fNaN9d+Ap0BjKtqWqd/J17qeDnXh8CL2A==",
      "license": "ISC"
    },
    "node_modules/wrappy": {
      "version": "1.0.2",
      "resolved": "https://ms-feed-25.pkgs.visualstudio.com/1es-public/_packaging/npm-public/npm/registry/wrappy/-/wrappy-1.0.2.tgz",
      "integrity": "sha1-tSQ9jz7BqjXxNkYFvA0QNuMKtp8=",
      "license": "ISC"
    },
    "node_modules/yaml": {
      "version": "2.9.0",
      "resolved": "https://ms-feed-25.pkgs.visualstudio.com/1es-public/_packaging/npm-public/npm/registry/yaml/-/yaml-2.9.0.tgz",
      "integrity": "sha1-eCdK/ZNZih391hMN9qVm3vy/mqQ=",
      "license": "ISC",
      "bin": {
        "yaml": "bin.mjs"
      },
      "engines": {
        "node": ">= 14.6"
      },
      "funding": {
        "url": "https://github.com/sponsors/eemeli"
      }
    }
  }
}
